
Microsoft Visual Studio Solution File, Format Version 12.00
# Visual Studio 15
VisualStudioVersion = 15.0.27004.2008
MinimumVisualStudioVersion = 10.0.40219.1
Project("{FAE04EC0-301F-11D3-BF4B-00C04F79EFBC}") = "realD31", "realD31\realD31.csproj", "{81484988-F7DA-4B59-86CA-0B5CB9651E85}"
EndProject
Global
	GlobalSection(SolutionConfigurationPlatforms) = preSolution
		Debug|Any CPU = Debug|Any CPU
		Release|Any CPU = Release|Any CPU
	EndGlobalSection
	GlobalSection(ProjectConfigurationPlatforms) = postSolution
		{81484988-F7DA-4B59-86CA-0B5CB9651E85}.Debug|Any CPU.ActiveCfg = Debug|Any CPU
		{81484988-F7DA-4B59-86CA-0B5CB9651E85}.Debug|Any CPU.Build.0 = Debug|Any CPU
		{81484988-F7DA-4B59-86CA-0B5CB9651E85}.Release|Any CPU.ActiveCfg = Release|Any CPU
		{81484988-F7DA-4B59-86CA-0B5CB9651E85}.Release|Any CPU.Build.0 = Release|Any CPU
	EndGlobalSection
	GlobalSection(SolutionProperties) = preSolution
		HideSolutionNode = FALSE
	EndGlobalSection
	GlobalSection(ExtensibilityGlobals) = postSolution
		SolutionGuid = {BC20EFF5-573D-493E-9210-043F7EACD229}
	EndGlobalSection
EndGlobal
